
Microsoft Visual Studio Solution File, Format Version 12.00
# Visual Studio 14
VisualStudioVersion = 14.0.24720.0
MinimumVisualStudioVersion = 10.0.40219.1
Project("{FAE04EC0-301F-11D3-BF4B-00C04F79EFBC}") = "IPdevices", "IPdevices\IPdevices.csproj", "{50FDE9F1-5720-47C1-B185-39714939F70C}"
EndProject
Global
	GlobalSection(SolutionConfigurationPlatforms) = preSolution
		Debug|Any CPU = Debug|Any CPU
		Release|Any CPU = Release|Any CPU
	EndGlobalSection
	GlobalSection(ProjectConfigurationPlatforms) = postSolution
		{50FDE9F1-5720-47C1-B185-39714939F70C}.Debug|Any CPU.ActiveCfg = Debug|Any CPU
		{50FDE9F1-5720-47C1-B185-39714939F70C}.Debug|Any CPU.Build.0 = Debug|Any CPU
		{50FDE9F1-5720-47C1-B185-39714939F70C}.Release|Any CPU.ActiveCfg = Release|Any CPU
		{50FDE9F1-5720-47C1-B185-39714939F70C}.Release|Any CPU.Build.0 = Release|Any CPU
	EndGlobalSection
	GlobalSection(SolutionProperties) = preSolution
		HideSolutionNode = FALSE
	EndGlobalSection
	GlobalSection(TeamFoundationVersionControl) = preSolution
		SccNumberOfProjects = 2
		SccEnterpriseProvider = {4CA58AB2-18FA-4F8D-95D4-32DDF27D184C}
		SccTeamFoundationServer = https://icubick.visualstudio.com/
		SccLocalPath0 = .
		SccProjectUniqueName1 = IPdevices\\IPdevices.csproj
		SccProjectName1 = IPdevices
		SccLocalPath1 = IPdevices
	EndGlobalSection
EndGlobal
